
Microsoft Visual Studio Solution File, Format Version 12.00
# Visual Studio Version 17
VisualStudioVersion = 17.10.35004.147
MinimumVisualStudioVersion = 10.0.40219.1
Project("{FAE04EC0-301F-11D3-BF4B-00C04F79EFBC}") = "Examen", "Examen\Examen.csproj", "{5305F15E-965E-49F5-B18F-B128CF5DB44C}"
EndProject
Global
	GlobalSection(SolutionConfigurationPlatforms) = preSolution
		Debug|Any CPU = Debug|Any CPU
		Release|Any CPU = Release|Any CPU
	EndGlobalSection
	GlobalSection(ProjectConfigurationPlatforms) = postSolution
		{5305F15E-965E-49F5-B18F-B128CF5DB44C}.Debug|Any CPU.ActiveCfg = Debug|Any CPU
		{5305F15E-965E-49F5-B18F-B128CF5DB44C}.Debug|Any CPU.Build.0 = Debug|Any CPU
		{5305F15E-965E-49F5-B18F-B128CF5DB44C}.Release|Any CPU.ActiveCfg = Release|Any CPU
		{5305F15E-965E-49F5-B18F-B128CF5DB44C}.Release|Any CPU.Build.0 = Release|Any CPU
	EndGlobalSection
	GlobalSection(SolutionProperties) = preSolution
		HideSolutionNode = FALSE
	EndGlobalSection
	GlobalSection(ExtensibilityGlobals) = postSolution
		SolutionGuid = {C87B7BE8-FED8-49C4-BCDA-C4BC4EA6920F}
	EndGlobalSection
EndGlobal
